
Microsoft Visual Studio Solution File, Format Version 12.00
# Visual Studio Version 17
VisualStudioVersion = 17.4.33205.214
MinimumVisualStudioVersion = 10.0.40219.1
Project("{FAE04EC0-301F-11D3-BF4B-00C04F79EFBC}") = "DAL", "DAL\DAL.csproj", "{2EEF9242-C926-400D-A83C-B11D62F388A3}"
EndProject
Project("{FAE04EC0-301F-11D3-BF4B-00C04F79EFBC}") = "AdminWebForms", "AdminWebForms\AdminWebForms.csproj", "{A86CBEC6-56A4-41D9-8274-B9DC021CC2EF}"
EndProject
Project("{FAE04EC0-301F-11D3-BF4B-00C04F79EFBC}") = "UserMvc", "UserMvc\UserMvc.csproj", "{135991FD-6952-4524-88C5-07F763D855C3}"
EndProject
Global
	GlobalSection(SolutionConfigurationPlatforms) = preSolution
		Debug|Any CPU = Debug|Any CPU
		Release|Any CPU = Release|Any CPU
	EndGlobalSection
	GlobalSection(ProjectConfigurationPlatforms) = postSolution
		{2EEF9242-C926-400D-A83C-B11D62F388A3}.Debug|Any CPU.ActiveCfg = Debug|Any CPU
		{2EEF9242-C926-400D-A83C-B11D62F388A3}.Debug|Any CPU.Build.0 = Debug|Any CPU
		{2EEF9242-C926-400D-A83C-B11D62F388A3}.Release|Any CPU.ActiveCfg = Release|Any CPU
		{2EEF9242-C926-400D-A83C-B11D62F388A3}.Release|Any CPU.Build.0 = Release|Any CPU
		{A86CBEC6-56A4-41D9-8274-B9DC021CC2EF}.Debug|Any CPU.ActiveCfg = Debug|Any CPU
		{A86CBEC6-56A4-41D9-8274-B9DC021CC2EF}.Debug|Any CPU.Build.0 = Debug|Any CPU
		{A86CBEC6-56A4-41D9-8274-B9DC021CC2EF}.Release|Any CPU.ActiveCfg = Release|Any CPU
		{A86CBEC6-56A4-41D9-8274-B9DC021CC2EF}.Release|Any CPU.Build.0 = Release|Any CPU
		{135991FD-6952-4524-88C5-07F763D855C3}.Debug|Any CPU.ActiveCfg = Debug|Any CPU
		{135991FD-6952-4524-88C5-07F763D855C3}.Debug|Any CPU.Build.0 = Debug|Any CPU
		{135991FD-6952-4524-88C5-07F763D855C3}.Release|Any CPU.ActiveCfg = Release|Any CPU
		{135991FD-6952-4524-88C5-07F763D855C3}.Release|Any CPU.Build.0 = Release|Any CPU
	EndGlobalSection
	GlobalSection(SolutionProperties) = preSolution
		HideSolutionNode = FALSE
	EndGlobalSection
	GlobalSection(ExtensibilityGlobals) = postSolution
		SolutionGuid = {75A59D50-12C5-4ADA-BD57-C9A915A12559}
	EndGlobalSection
EndGlobal
